
Microsoft Visual Studio Solution File, Format Version 12.00
# Visual Studio 15
VisualStudioVersion = 15.0.28010.2048
MinimumVisualStudioVersion = 10.0.40219.1
Project("{FAE04EC0-301F-11D3-BF4B-00C04F79EFBC}") = "BMP_EXC_SERHIIENKO", "BMP_EXC_SERHIIENKO\BMP_EXC_SERHIIENKO.csproj", "{67A76B0F-4F1D-4287-8BF7-F290F02701A5}"
EndProject
Project("{FAE04EC0-301F-11D3-BF4B-00C04F79EFBC}") = "APO_Serhiienko", "E:\Learning(WIT)\C#\POB\lab2\APO_Serhiienko\APO_Serhiienko\APO_Serhiienko.csproj", "{03F2AF18-6D4E-4BAD-941D-3B04B2DABC0B}"
EndProject
Project("{FAE04EC0-301F-11D3-BF4B-00C04F79EFBC}") = "APO", "E:\Learning(WIT)\C#\POB\POB LABY\APO\APO.csproj", "{3B20656A-C580-46B9-8AB2-6DE8474EFE59}"
EndProject
Global
	GlobalSection(SolutionConfigurationPlatforms) = preSolution
		Debug|Any CPU = Debug|Any CPU
		Release|Any CPU = Release|Any CPU
	EndGlobalSection
	GlobalSection(ProjectConfigurationPlatforms) = postSolution
		{67A76B0F-4F1D-4287-8BF7-F290F02701A5}.Debug|Any CPU.ActiveCfg = Debug|Any CPU
		{67A76B0F-4F1D-4287-8BF7-F290F02701A5}.Debug|Any CPU.Build.0 = Debug|Any CPU
		{67A76B0F-4F1D-4287-8BF7-F290F02701A5}.Release|Any CPU.ActiveCfg = Release|Any CPU
		{67A76B0F-4F1D-4287-8BF7-F290F02701A5}.Release|Any CPU.Build.0 = Release|Any CPU
		{03F2AF18-6D4E-4BAD-941D-3B04B2DABC0B}.Debug|Any CPU.ActiveCfg = Debug|Any CPU
		{03F2AF18-6D4E-4BAD-941D-3B04B2DABC0B}.Debug|Any CPU.Build.0 = Debug|Any CPU
		{03F2AF18-6D4E-4BAD-941D-3B04B2DABC0B}.Release|Any CPU.ActiveCfg = Release|Any CPU
		{03F2AF18-6D4E-4BAD-941D-3B04B2DABC0B}.Release|Any CPU.Build.0 = Release|Any CPU
		{3B20656A-C580-46B9-8AB2-6DE8474EFE59}.Debug|Any CPU.ActiveCfg = Debug|Any CPU
		{3B20656A-C580-46B9-8AB2-6DE8474EFE59}.Debug|Any CPU.Build.0 = Debug|Any CPU
		{3B20656A-C580-46B9-8AB2-6DE8474EFE59}.Release|Any CPU.ActiveCfg = Release|Any CPU
		{3B20656A-C580-46B9-8AB2-6DE8474EFE59}.Release|Any CPU.Build.0 = Release|Any CPU
	EndGlobalSection
	GlobalSection(SolutionProperties) = preSolution
		HideSolutionNode = FALSE
	EndGlobalSection
	GlobalSection(ExtensibilityGlobals) = postSolution
		SolutionGuid = {739DF939-0572-481D-9034-359CB7BA6AA0}
	EndGlobalSection
EndGlobal
